
Microsoft Visual Studio Solution File, Format Version 12.00
# Visual Studio Version 16
VisualStudioVersion = 16.0.30320.27
MinimumVisualStudioVersion = 10.0.40219.1
Project("{FAE04EC0-301F-11D3-BF4B-00C04F79EFBC}") = "HomeWork8Zadacha6", "HomeWork8Zadacha6\HomeWork8Zadacha6.csproj", "{ECB7E6D1-663C-477E-9A3F-4C7613B2843F}"
EndProject
Global
	GlobalSection(SolutionConfigurationPlatforms) = preSolution
		Debug|Any CPU = Debug|Any CPU
		Release|Any CPU = Release|Any CPU
	EndGlobalSection
	GlobalSection(ProjectConfigurationPlatforms) = postSolution
		{ECB7E6D1-663C-477E-9A3F-4C7613B2843F}.Debug|Any CPU.ActiveCfg = Debug|Any CPU
		{ECB7E6D1-663C-477E-9A3F-4C7613B2843F}.Debug|Any CPU.Build.0 = Debug|Any CPU
		{ECB7E6D1-663C-477E-9A3F-4C7613B2843F}.Release|Any CPU.ActiveCfg = Release|Any CPU
		{ECB7E6D1-663C-477E-9A3F-4C7613B2843F}.Release|Any CPU.Build.0 = Release|Any CPU
	EndGlobalSection
	GlobalSection(SolutionProperties) = preSolution
		HideSolutionNode = FALSE
	EndGlobalSection
	GlobalSection(ExtensibilityGlobals) = postSolution
		SolutionGuid = {5CCD61C9-69B0-499B-B08B-7486754664C7}
	EndGlobalSection
EndGlobal
